{
    "_meta": {
        "hash": {
            "sha256": "bf5843aff18da6011331eed358e6f8632edf4d703dd951112813c43643394d22"
        },
        "pipfile-spec": 6,
        "requires": {
            "python_version": "3.10"
        },
        "sources": [
            {
                "name": "pypi",
                "url": "https://pypi.org/simple",
                "verify_ssl": true
            }
        ]
    },
    "default": {
        "annotated-doc": {
            "hashes": [
                "sha256:571ac1dc6991c450b25a9c2d84a3705e2ae7a53467b5d111c24fa8baabbed320",
                "sha256:fbcda96e87e9c92ad167c2e53839e57503ecfda18804ea28102353485033faa4"
            ],
            "markers": "python_version >= '3.8'",
            "version": "==0.0.4"
        },
        "backports.tarfile": {
            "hashes": [
                "sha256:77e284d754527b01fb1e6fa8a1afe577858ebe4e9dad8919e34c862cb399bc34",
                "sha256:d75e02c268746e1b8144c278978b6e98e85de6ad16f8e4b0844a154557eca991"
            ],
            "markers": "python_version >= '3.8'",
            "version": "==1.2.0"
        },
        "beautifulsoup4": {
            "hashes": [
                "sha256:0918bfe44902e6ad8d57732ba310582e98da931428d231a5ecb9e7c703a735bb",
                "sha256:6292b1c5186d356bba669ef9f7f051757099565ad9ada5dd630bd9de5fa7fb86"
            ],
            "index": "pypi",
            "markers": "python_full_version >= '3.7.0'",
            "version": "==4.14.3"
        },
        "click": {
            "hashes": [
                "sha256:12ff4785d337a1bb490bb7e9c2b1ee5da3112e94a8622f26a6c77f5d2fc6842a",
                "sha256:981153a64e25f12d547d3426c367a4857371575ee7ad18df2a6183ab0545b2a6"
            ],
            "markers": "python_version >= '3.10'",
            "version": "==8.3.1"
        },
        "irc": {
            "hashes": [
                "sha256:377bf2bdc1e60ba425b4fb91a51f0e9de50f7e1af78b273e518aa6efad553029",
                "sha256:59acb8d69d61a0cbd290e77e6ff10a8c7f2201fb8c7b7d5a195b5883d0c40b0a"
            ],
            "index": "pypi",
            "markers": "python_version >= '3.7'",
            "version": "==20.0.0"
        },
        "jaraco.collections": {
            "hashes": [
                "sha256:dab81970bad6f0ab53b20745f1b01da37926e4c0fcd425046aa45e0d8efa18ed",
                "sha256:ea3415ddfc50206b6ba7d09c3deb358b76a5f8c1ddc82be788e8e8bd151ebfa8"
            ],
            "markers": "python_version >= '3.9'",
            "version": "==5.2.1"
        },
        "jaraco.context": {
            "hashes": [
                "sha256:0df6a0287258f3e364072c3e40d5411b20cafa30cb28c4839d24319cecf9f808",
                "sha256:bc046b2dc94f1e5532bd02402684414575cc11f565d929b6563125deb0a6e581"
            ],
            "markers": "python_version >= '3.9'",
            "version": "==6.1.1"
        },
        "jaraco.functools": {
            "hashes": [
                "sha256:9eec1e36f45c818d9bf307c8948eb03b2b56cd44087b3cdc989abca1f20b9176",
                "sha256:da21933b0417b89515562656547a77b4931f98176eb173644c0d35032a33d6bb"
            ],
            "markers": "python_version >= '3.9'",
            "version": "==4.4.0"
        },
        "jaraco.logging": {
            "hashes": [
                "sha256:c456f023cfa5e95c3e1b0c4a2be138caa7703811cf016ce3ded5b789c7a3605d",
                "sha256:e7d6dc8368477ce69eb1d6ed851d805896a1ca942ce3fd1773580311b0b775fb"
            ],
            "markers": "python_version >= '3.9'",
            "version": "==3.4.0"
        },
        "jaraco.stream": {
            "hashes": [
                "sha256:41cec12393ab733870b54e3683564b95e68b82017428fcec56324f70e64c47c6",
                "sha256:e2bc5028e721ed2cc852b96ec9a33f2b7664e9b2dbf87eefbe617d126641934b"
            ],
            "markers": "python_version >= '3.8'",
            "version": "==3.0.4"
        },
        "jaraco.text": {
            "hashes": [
                "sha256:034408ef073f72de919124e9934a12acd50d10bd139bea47732620fa964b0144",
                "sha256:194e386aa5b15a6616019df87a6b29c00fd3c9c8b0475731b64633ca7afd495b"
            ],
            "markers": "python_version >= '3.9'",
            "version": "==4.2.0"
        },
        "markdown-it-py": {
            "hashes": [
                "sha256:87327c59b172c5011896038353a81343b6754500a08cd7a4973bb48c6d578147",
                "sha256:cb0a2b4aa34f932c007117b194e945bd74e0ec24133ceb5bac59009cda1cb9f3"
            ],
            "markers": "python_version >= '3.10'",
            "version": "==4.0.0"
        },
        "mdurl": {
            "hashes": [
                "sha256:84008a41e51615a49fc9966191ff91509e3c40b939176e643fd50a5c2196b8f8",
                "sha256:bb413d29f5eea38f31dd4754dd7377d4465116fb207585f97bf925588687c1ba"
            ],
            "markers": "python_version >= '3.7'",
            "version": "==0.1.2"
        },
        "more-itertools": {
            "hashes": [
                "sha256:52d4362373dcf7c52546bc4af9a86ee7c4579df9a8dc268be0a2f949d376cc9b",
                "sha256:f638ddf8a1a0d134181275fb5d58b086ead7c6a72429ad725c67503f13ba30bd"
            ],
            "markers": "python_version >= '3.9'",
            "version": "==10.8.0"
        },
        "psycopg2": {
            "hashes": [
                "sha256:103e857f46bb76908768ead4e2d0ba1d1a130e7b8ed77d3ae91e8b33481813e8",
                "sha256:210daed32e18f35e3140a1ebe059ac29209dd96468f2f7559aa59f75ee82a5cb",
                "sha256:6ecddcf573777536bddfefaea8079ce959287798c8f5804bee6933635d538924",
                "sha256:8dc379166b5b7d5ea66dcebf433011dfc51a7bb8a5fc12367fa05668e5fc53c8",
                "sha256:964d31caf728e217c697ff77ea69c2ba0865fa41ec20bb00f0977e62fdcc52e3",
                "sha256:e03e4a6dbe87ff81540b434f2e5dc2bddad10296db5eea7bdc995bf5f4162938",
                "sha256:f10a48acba5fe6e312b891f290b4d2ca595fc9a06850fe53320beac353575578"
            ],
            "index": "pypi",
            "markers": "python_version >= '3.9'",
            "version": "==2.9.11"
        },
        "pygments": {
            "hashes": [
                "sha256:636cb2477cec7f8952536970bc533bc43743542f70392ae026374600add5b887",
                "sha256:86540386c03d588bb81d44bc3928634ff26449851e99741617ecb9037ee5ec0b"
            ],
            "markers": "python_version >= '3.8'",
            "version": "==2.19.2"
        },
        "python-dateutil": {
            "hashes": [
                "sha256:37dd54208da7e1cd875388217d5e00ebd4179249f90fb72437e91a35459a0ad3",
                "sha256:a8b2bc7bffae282281c8140a97d3aa9c14da0b136dfe83f850eea9a5f7470427"
            ],
            "markers": "python_version >= '2.7' and python_version not in '3.0, 3.1, 3.2'",
            "version": "==2.9.0.post0"
        },
        "pytz": {
            "hashes": [
                "sha256:3378dde6a0c3d26719182142c56e60c7f9af7e968076f31aae569d72a0358ee1",
                "sha256:f2fd16142fda348286a75e1a524be810bb05d444e5a081f37f7affc635035f7a"
            ],
            "index": "pypi",
            "version": "==2026.1.post1"
        },
        "rich": {
            "hashes": [
                "sha256:793431c1f8619afa7d3b52b2cdec859562b950ea0d4b6b505397612db8d5362d",
                "sha256:b8daa0b9e4eef54dd8cf7c86c03713f53241884e814f4e2f5fb342fe520f639b"
            ],
            "markers": "python_full_version >= '3.8.0'",
            "version": "==14.3.3"
        },
        "shellingham": {
            "hashes": [
                "sha256:7ecfff8f2fd72616f7481040475a65b2bf8af90a56c89140852d1120324e8686",
                "sha256:8dbca0739d487e5bd35ab3ca4b36e11c4078f3a234bfce294b0a0291363404de"
            ],
            "markers": "python_version >= '3.7'",
            "version": "==1.5.4"
        },
        "six": {
            "hashes": [
                "sha256:4721f391ed90541fddacab5acf947aa0d3dc7d27b2e1e8eda2be8970586c3274",
                "sha256:ff70335d468e7eb6ec65b95b99d3a2836546063f63acc5171de367e834932a81"
            ],
            "markers": "python_version >= '2.7' and python_version not in '3.0, 3.1, 3.2'",
            "version": "==1.17.0"
        },
        "soupsieve": {
            "hashes": [
                "sha256:3267f1eeea4251fb42728b6dfb746edc9acaffc4a45b27e19450b676586e8349",
                "sha256:ed64f2ba4eebeab06cc4962affce381647455978ffc1e36bb79a545b91f45a95"
            ],
            "markers": "python_version >= '3.9'",
            "version": "==2.8.3"
        },
        "sqlalchemy": {
            "hashes": [
                "sha256:02d2ecb9508f16ab9c5af466dfe5a88e26adf2e1a8d1c56eb616396ccae2c186",
                "sha256:0b76bbb1cbae618d10679be8966f6d66c94f301cfc15cb49e2f2382563fb6efb",
                "sha256:0de620f978ca273ce027769dc8db7e6ee72631796187adc8471b3c76091b809e",
                "sha256:1183599e25fa38a1a322294b949da02b4f0da13dbc2688ef9dbe746df573f8a6",
                "sha256:12bc0141b245918b80d9d17eca94663dbd3f5266ac77a0be60750f36102bbb0f",
                "sha256:1390ca2d301a2708fd4425c6d75528d22f26b8f5cbc9faba1ddca136671432bc",
                "sha256:13e91d6892b5fcb94a36ba061fb7a1f03d0185ed9d8a77c84ba389e5bb05e936",
                "sha256:14b3f4783275339170984cadda66e3ec011cce87b405968dc8d51cf0f9997b0d",
                "sha256:1576fba3616f79496e2f067262200dbf4aab1bb727cd7e4e006076686413c80c",
                "sha256:1990d5a6a5dc358a0894c8ca02043fb9a5ad9538422001fb2826e91c50f1d539",
                "sha256:1d83cd1cc03c22d922ec94d0d5f7b7c96b1332f5e122e81b1a61fb22da77879a",
                "sha256:1e8c1b9ecaf9f2590337d5622189aeb2f0dbc54ba0232fa0856cf390957584a9",
                "sha256:26e78444bc77d089e62874dc74df05a5c71f01ac598010a327881a48408d0064",
                "sha256:2b37931eac4b837c45e2522066bda221ac6d80e78922fb77c75eb12e4dbcdee5",
                "sha256:3112de9e11ff1957148c6de1df2bc5cc1440ee36783412e5eedc6f53638a577d",
                "sha256:394b0135900b62dbf63e4809cdc8ac923182af2816d06ea61cd6763943c2cc05",
                "sha256:3f01c2629a7d6b30d8afe0326b8c649b74825a0e1ebdcb01e8ffd1c920deb07d",
                "sha256:41cffc63c7c83dfc30c4cab5b4308ba74440a9633c4509c51a0c52431fb0f8ab",
                "sha256:4470fbed088c35dc20b78a39aaf4ae54fe81790c783b3264872a0224f437c31a",
                "sha256:5ed3576675c187e3baa80b02c4c9d0edfab78eff4e89dd9da736b921333a2432",
                "sha256:6b24364150738ce488333b3fb48bfa14c189a66de41cd632796fbcacb26b4585",
                "sha256:6da60fb24577f989535b8fc8b2ddc4212204aaf02e53c4c7ac94ac364150ed08",
                "sha256:76c2ba7b5a09863d0a8166fbc753af96d561818c572dbaf697c52095938e7be4",
                "sha256:954816850777ac234a4e32b8c88ac1f7847088a6e90cfb8f0e127a1bf3feddff",
                "sha256:9c24dd161c06992ed16c5e528a75878edbaeced5660c3db88c820f1f0d3fe1f4",
                "sha256:a01bc25eb7a5688656c8770f931d5cb4a44c7de1b3cec69b84cc9745d1e4cc10",
                "sha256:a19f816f4702d7b1951d7576026c7124b9bfb64a9543e571774cf517b7a50b29",
                "sha256:a41611835010ed4ea4c7aed1da5b58aac78ee7e70932a91ed2705a7b38e40f52",
                "sha256:a49730afb716f3f675755afec109895cab95bc9875db7ffe2e42c1b1c6279482",
                "sha256:a86b0e4be775902a5496af4fb1b60d8a2a457d78f531458d294360b8637bb014",
                "sha256:a8a72259a1652f192c68377be7011eac3c463e9892ef2948828c7d58e4829988",
                "sha256:af00236fe21c4d4f4c227b6ccc19b44c594160cc3ff28d104cdce85855369277",
                "sha256:b05e0626ec1c391432eabb47a8abd3bf199fb74bfde7cc44a26d2b1b352c2c6e",
                "sha256:b5933c45d11cbd9694b1540aa9076816cc7406964c7b16a380fd84d3a5fe3241",
                "sha256:b5e0d47d619c739bdc636bbe007da4519fc953393304a5943e0b5aec96c9877c",
                "sha256:b67589f7955924865344e6eacfdcf70675e64f36800a576aa5e961f0008cde2a",
                "sha256:c5a2530400a6e7e68fd1552a55515de6a4559122e495f73554a51cedafc11669",
                "sha256:cafe0ba3a96d0845121433cffa2b9232844a2609fce694fcc02f3f31214ece28",
                "sha256:cdb2886c0be2c6c54d0651d5a61c29ef347e8eec81fd83afebbf7b59b80b7393",
                "sha256:d0cf7076c8578b3de4e43a046cc7a1af8466e1c3f5e64167189fe8958a4f9c02",
                "sha256:f1e1b92ee4ee9ffc68624ace218b89ca5ca667607ccee4541a90cc44999b9aea",
                "sha256:f941aaf15f47f316123e1933f9ea91a6efda73a161a6ab6046d1cde37be62c88",
                "sha256:fb59a11689ff3c58e7652260127f9e34f7f45478a2f3ef831ab6db7bcd72108f",
                "sha256:fc9ffd9a38e21fad3e8c5a88926d57f94a32546e937e0be46142b2702003eba7"
            ],
            "index": "pypi",
            "markers": "python_version >= '2.7' and python_version not in '3.0, 3.1, 3.2, 3.3, 3.4, 3.5'",
            "version": "==1.4.54"
        },
        "tempora": {
            "hashes": [
                "sha256:6945ec409ca930e5040490931dc0d8f516f2cd9798eb175dc3b3c6a0fc481ea2",
                "sha256:abb5d9ec790cc5e4f9431778029ba3e3d9ba9bd50cb306dad824824b2b362dcd"
            ],
            "markers": "python_version >= '3.9'",
            "version": "==5.8.1"
        },
        "typer": {
            "hashes": [
                "sha256:112c1f0ce578bfb4cab9ffdabc68f031416ebcc216536611ba21f04e9aa84c9e",
                "sha256:e39b4732d65fbdcde189ae76cf7cd48aeae72919dea1fdfc16593be016256b45"
            ],
            "markers": "python_version >= '3.10'",
            "version": "==0.24.1"
        },
        "typer-slim": {
            "hashes": [
                "sha256:d5d7ee1ee2834d5020c7c616ed5e0d0f29b9a4b1dd283bdebae198ec09778d0e",
                "sha256:f0ed36127183f52ae6ced2ecb2521789995992c521a46083bfcdbb652d22ad34"
            ],
            "markers": "python_version >= '3.10'",
            "version": "==0.24.0"
        },
        "typing-extensions": {
            "hashes": [
                "sha256:0cea48d173cc12fa28ecabc3b837ea3cf6f38c6d1136f85cbaaf598984861466",
                "sha256:f0fa19c6845758ab08074a0cfa8b7aecb71c999ca73d62883bc25cc018c4e548"
            ],
            "markers": "python_version >= '3.9'",
            "version": "==4.15.0"
        },
        "urllib3": {
            "hashes": [
                "sha256:1b62b6884944a57dbe321509ab94fd4d3b307075e0c2eae991ac71ee15ad38ed",
                "sha256:bf272323e553dfb2e87d9bfd225ca7b0f467b919d7bbd355436d3fd37cb0acd4"
            ],
            "index": "pypi",
            "markers": "python_version >= '3.9'",
            "version": "==2.6.3"
        }
    },
    "develop": {}
}
